
Microsoft Visual Studio Solution File, Format Version 12.00
# Visual Studio Version 16
VisualStudioVersion = 16.0.30717.126
MinimumVisualStudioVersion = 10.0.40219.1
Project("{9092AA53-FB77-4645-B42D-1CCCA6BD08BD}") = "Node JS Projektuppgift", "Node JS Projektuppgift.njsproj", "{00AB7772-6CA4-4676-9DC9-B1E5576809A2}"
EndProject
Global
	GlobalSection(SolutionConfigurationPlatforms) = preSolution
		Debug|Any CPU = Debug|Any CPU
		Release|Any CPU = Release|Any CPU
	EndGlobalSection
	GlobalSection(ProjectConfigurationPlatforms) = postSolution
		{00AB7772-6CA4-4676-9DC9-B1E5576809A2}.Debug|Any CPU.ActiveCfg = Debug|Any CPU
		{00AB7772-6CA4-4676-9DC9-B1E5576809A2}.Debug|Any CPU.Build.0 = Debug|Any CPU
		{00AB7772-6CA4-4676-9DC9-B1E5576809A2}.Release|Any CPU.ActiveCfg = Release|Any CPU
		{00AB7772-6CA4-4676-9DC9-B1E5576809A2}.Release|Any CPU.Build.0 = Release|Any CPU
	EndGlobalSection
	GlobalSection(SolutionProperties) = preSolution
		HideSolutionNode = FALSE
	EndGlobalSection
	GlobalSection(ExtensibilityGlobals) = postSolution
		SolutionGuid = {AEE8DCBD-F1F2-449E-873F-20A27D4550EF}
	EndGlobalSection
EndGlobal
